
Microsoft Visual Studio Solution File, Format Version 12.00
# Visual Studio Version 17
VisualStudioVersion = 17.8.34511.84
MinimumVisualStudioVersion = 10.0.40219.1
Project("{9A19103F-16F7-4668-BE54-9A1E7A4F7556}") = "SPRENCIA_API", "SPRENCIA_API\SPRENCIA_API.csproj", "{E468CE9E-8D08-42DA-A44A-0FBC86DA15C5}"
EndProject
Project("{2150E333-8FDC-42A3-9474-1A3956D46DE8}") = "1- Presentation", "1- Presentation", "{AD734996-06BA-4483-B0A3-9E0DEE7FF2A6}"
EndProject
Project("{2150E333-8FDC-42A3-9474-1A3956D46DE8}") = "2- Application", "2- Application", "{49F347C1-84EE-4385-B8C1-1C67CDD9AE26}"
EndProject
Project("{2150E333-8FDC-42A3-9474-1A3956D46DE8}") = "3- Domain", "3- Domain", "{87EF8D1F-3530-416E-A53C-CBA0088D6E27}"
EndProject
Project("{2150E333-8FDC-42A3-9474-1A3956D46DE8}") = "4- Infraestructure", "4- Infraestructure", "{F95DDFA8-96C8-42D4-9862-BC719694621E}"
EndProject
Project("{2150E333-8FDC-42A3-9474-1A3956D46DE8}") = "5- Cross-Cutting", "5- Cross-Cutting", "{35473D9A-E08A-40AF-8F88-67C9CACE2527}"
EndProject
Project("{FAE04EC0-301F-11D3-BF4B-00C04F79EFBC}") = "SPRENCIA.Application", "SPRENCIA.Application\SPRENCIA.Application.csproj", "{39E99CF0-6E54-4E5F-B8B9-C651171D5B75}"
EndProject
Project("{FAE04EC0-301F-11D3-BF4B-00C04F79EFBC}") = "SPRENCIA.Application.Contracts", "SPRENCIA.Application.Contracts\SPRENCIA.Application.Contracts.csproj", "{98D9A6BB-1E81-4A71-AB0F-C55FD3833FB7}"
EndProject
Project("{FAE04EC0-301F-11D3-BF4B-00C04F79EFBC}") = "SPRENCIA.Domain", "SPRENCIA.Domain\SPRENCIA.Domain.csproj", "{B92FFA1E-C090-48A3-BA2C-5336CF9110FD}"
EndProject
Project("{FAE04EC0-301F-11D3-BF4B-00C04F79EFBC}") = "SPRENCIA.Infraestructure", "SPRENCIA.Infraestructure\SPRENCIA.Infraestructure.csproj", "{BB6B2FA8-7585-4F09-BD1F-F1DFB412C591}"
EndProject
Project("{FAE04EC0-301F-11D3-BF4B-00C04F79EFBC}") = "SPRENCIA.Infraestructure.Contracts", "SPRENCIA.Infraestructure.Contracts\SPRENCIA.Infraestructure.Contracts.csproj", "{CC73AA7C-9E10-4BFA-99A6-9A2916969368}"
EndProject
Project("{FAE04EC0-301F-11D3-BF4B-00C04F79EFBC}") = "SPRENCIA.CrossCutting", "SPRENCIA.CrossCutting\SPRENCIA.CrossCutting.csproj", "{EBB473BB-D008-4EC4-BBF4-36D41085C2B3}"
EndProject
Project("{FAE04EC0-301F-11D3-BF4B-00C04F79EFBC}") = "SPRENCIA.CrossCutting.Contracts", "SPRENCIA.CrossCutting.Contracts\SPRENCIA.CrossCutting.Contracts.csproj", "{1815EC63-9EDE-49C8-AD71-C0EADC21FB4B}"
EndProject
Global
	GlobalSection(SolutionConfigurationPlatforms) = preSolution
		Debug|Any CPU = Debug|Any CPU
		Release|Any CPU = Release|Any CPU
	EndGlobalSection
	GlobalSection(ProjectConfigurationPlatforms) = postSolution
		{E468CE9E-8D08-42DA-A44A-0FBC86DA15C5}.Debug|Any CPU.ActiveCfg = Debug|Any CPU
		{E468CE9E-8D08-42DA-A44A-0FBC86DA15C5}.Debug|Any CPU.Build.0 = Debug|Any CPU
		{E468CE9E-8D08-42DA-A44A-0FBC86DA15C5}.Release|Any CPU.ActiveCfg = Release|Any CPU
		{E468CE9E-8D08-42DA-A44A-0FBC86DA15C5}.Release|Any CPU.Build.0 = Release|Any CPU
		{39E99CF0-6E54-4E5F-B8B9-C651171D5B75}.Debug|Any CPU.ActiveCfg = Debug|Any CPU
		{39E99CF0-6E54-4E5F-B8B9-C651171D5B75}.Debug|Any CPU.Build.0 = Debug|Any CPU
		{39E99CF0-6E54-4E5F-B8B9-C651171D5B75}.Release|Any CPU.ActiveCfg = Release|Any CPU
		{39E99CF0-6E54-4E5F-B8B9-C651171D5B75}.Release|Any CPU.Build.0 = Release|Any CPU
		{98D9A6BB-1E81-4A71-AB0F-C55FD3833FB7}.Debug|Any CPU.ActiveCfg = Debug|Any CPU
		{98D9A6BB-1E81-4A71-AB0F-C55FD3833FB7}.Debug|Any CPU.Build.0 = Debug|Any CPU
		{98D9A6BB-1E81-4A71-AB0F-C55FD3833FB7}.Release|Any CPU.ActiveCfg = Release|Any CPU
		{98D9A6BB-1E81-4A71-AB0F-C55FD3833FB7}.Release|Any CPU.Build.0 = Release|Any CPU
		{B92FFA1E-C090-48A3-BA2C-5336CF9110FD}.Debug|Any CPU.ActiveCfg = Debug|Any CPU
		{B92FFA1E-C090-48A3-BA2C-5336CF9110FD}.Debug|Any CPU.Build.0 = Debug|Any CPU
		{B92FFA1E-C090-48A3-BA2C-5336CF9110FD}.Release|Any CPU.ActiveCfg = Release|Any CPU
		{B92FFA1E-C090-48A3-BA2C-5336CF9110FD}.Release|Any CPU.Build.0 = Release|Any CPU
		{BB6B2FA8-7585-4F09-BD1F-F1DFB412C591}.Debug|Any CPU.ActiveCfg = Debug|Any CPU
		{BB6B2FA8-7585-4F09-BD1F-F1DFB412C591}.Debug|Any CPU.Build.0 = Debug|Any CPU
		{BB6B2FA8-7585-4F09-BD1F-F1DFB412C591}.Release|Any CPU.ActiveCfg = Release|Any CPU
		{BB6B2FA8-7585-4F09-BD1F-F1DFB412C591}.Release|Any CPU.Build.0 = Release|Any CPU
		{CC73AA7C-9E10-4BFA-99A6-9A2916969368}.Debug|Any CPU.ActiveCfg = Debug|Any CPU
		{CC73AA7C-9E10-4BFA-99A6-9A2916969368}.Debug|Any CPU.Build.0 = Debug|Any CPU
		{CC73AA7C-9E10-4BFA-99A6-9A2916969368}.Release|Any CPU.ActiveCfg = Release|Any CPU
		{CC73AA7C-9E10-4BFA-99A6-9A2916969368}.Release|Any CPU.Build.0 = Release|Any CPU
		{EBB473BB-D008-4EC4-BBF4-36D41085C2B3}.Debug|Any CPU.ActiveCfg = Debug|Any CPU
		{EBB473BB-D008-4EC4-BBF4-36D41085C2B3}.Debug|Any CPU.Build.0 = Debug|Any CPU
		{EBB473BB-D008-4EC4-BBF4-36D41085C2B3}.Release|Any CPU.ActiveCfg = Release|Any CPU
		{EBB473BB-D008-4EC4-BBF4-36D41085C2B3}.Release|Any CPU.Build.0 = Release|Any CPU
		{1815EC63-9EDE-49C8-AD71-C0EADC21FB4B}.Debug|Any CPU.ActiveCfg = Debug|Any CPU
		{1815EC63-9EDE-49C8-AD71-C0EADC21FB4B}.Debug|Any CPU.Build.0 = Debug|Any CPU
		{1815EC63-9EDE-49C8-AD71-C0EADC21FB4B}.Release|Any CPU.ActiveCfg = Release|Any CPU
		{1815EC63-9EDE-49C8-AD71-C0EADC21FB4B}.Release|Any CPU.Build.0 = Release|Any CPU
	EndGlobalSection
	GlobalSection(SolutionProperties) = preSolution
		HideSolutionNode = FALSE
	EndGlobalSection
	GlobalSection(NestedProjects) = preSolution
		{E468CE9E-8D08-42DA-A44A-0FBC86DA15C5} = {AD734996-06BA-4483-B0A3-9E0DEE7FF2A6}
		{39E99CF0-6E54-4E5F-B8B9-C651171D5B75} = {49F347C1-84EE-4385-B8C1-1C67CDD9AE26}
		{98D9A6BB-1E81-4A71-AB0F-C55FD3833FB7} = {49F347C1-84EE-4385-B8C1-1C67CDD9AE26}
		{B92FFA1E-C090-48A3-BA2C-5336CF9110FD} = {87EF8D1F-3530-416E-A53C-CBA0088D6E27}
		{BB6B2FA8-7585-4F09-BD1F-F1DFB412C591} = {F95DDFA8-96C8-42D4-9862-BC719694621E}
		{CC73AA7C-9E10-4BFA-99A6-9A2916969368} = {F95DDFA8-96C8-42D4-9862-BC719694621E}
		{EBB473BB-D008-4EC4-BBF4-36D41085C2B3} = {35473D9A-E08A-40AF-8F88-67C9CACE2527}
		{1815EC63-9EDE-49C8-AD71-C0EADC21FB4B} = {35473D9A-E08A-40AF-8F88-67C9CACE2527}
	EndGlobalSection
	GlobalSection(ExtensibilityGlobals) = postSolution
		SolutionGuid = {C9B1BA16-73B1-423C-BA3C-A233F97A9A61}
	EndGlobalSection
EndGlobal
